
Microsoft Visual Studio Solution File, Format Version 12.00
# Visual Studio Version 17
VisualStudioVersion = 17.5.33627.172
MinimumVisualStudioVersion = 10.0.40219.1
Project("{FAE04EC0-301F-11D3-BF4B-00C04F79EFBC}") = "Lista-de-tarefas-of", "Lista-de-tarefas-of\Lista-de-tarefas-of.csproj", "{B8D5188E-31A1-4D51-9703-292AB18E43DD}"
EndProject
Global
	GlobalSection(SolutionConfigurationPlatforms) = preSolution
		Debug|Any CPU = Debug|Any CPU
		Release|Any CPU = Release|Any CPU
	EndGlobalSection
	GlobalSection(ProjectConfigurationPlatforms) = postSolution
		{B8D5188E-31A1-4D51-9703-292AB18E43DD}.Debug|Any CPU.ActiveCfg = Debug|Any CPU
		{B8D5188E-31A1-4D51-9703-292AB18E43DD}.Debug|Any CPU.Build.0 = Debug|Any CPU
		{B8D5188E-31A1-4D51-9703-292AB18E43DD}.Release|Any CPU.ActiveCfg = Release|Any CPU
		{B8D5188E-31A1-4D51-9703-292AB18E43DD}.Release|Any CPU.Build.0 = Release|Any CPU
	EndGlobalSection
	GlobalSection(SolutionProperties) = preSolution
		HideSolutionNode = FALSE
	EndGlobalSection
	GlobalSection(ExtensibilityGlobals) = postSolution
		SolutionGuid = {523DAEF0-DF27-4091-8B26-61E613B896A4}
	EndGlobalSection
EndGlobal
